
Microsoft Visual Studio Solution File, Format Version 12.00
# Visual Studio Version 16
VisualStudioVersion = 16.0.30804.86
MinimumVisualStudioVersion = 10.0.40219.1
Project("{9A19103F-16F7-4668-BE54-9A1E7A4F7556}") = "ServingYouApi", "ServingyouApi\ServingYouApi.csproj", "{D58EE681-162A-45C2-ACF7-8676BDD958E6}"
EndProject
Global
	GlobalSection(SolutionConfigurationPlatforms) = preSolution
		Debug|Any CPU = Debug|Any CPU
		Release|Any CPU = Release|Any CPU
	EndGlobalSection
	GlobalSection(ProjectConfigurationPlatforms) = postSolution
		{D58EE681-162A-45C2-ACF7-8676BDD958E6}.Debug|Any CPU.ActiveCfg = Debug|Any CPU
		{D58EE681-162A-45C2-ACF7-8676BDD958E6}.Debug|Any CPU.Build.0 = Debug|Any CPU
		{D58EE681-162A-45C2-ACF7-8676BDD958E6}.Release|Any CPU.ActiveCfg = Release|Any CPU
		{D58EE681-162A-45C2-ACF7-8676BDD958E6}.Release|Any CPU.Build.0 = Release|Any CPU
	EndGlobalSection
	GlobalSection(SolutionProperties) = preSolution
		HideSolutionNode = FALSE
	EndGlobalSection
	GlobalSection(ExtensibilityGlobals) = postSolution
		SolutionGuid = {CFD20E46-E22B-48E8-AC83-CCD1E942AAFF}
	EndGlobalSection
EndGlobal
